
Microsoft Visual Studio Solution File, Format Version 12.00
# Visual Studio Version 16
VisualStudioVersion = 16.0.29424.173
MinimumVisualStudioVersion = 10.0.40219.1
Project("{FAE04EC0-301F-11D3-BF4B-00C04F79EFBC}") = "MinecraftEditor", "MinecraftEditor\MinecraftEditor.csproj", "{3DA90FF7-6DC6-4668-A4BA-48737A8089B9}"
EndProject
Project("{FAE04EC0-301F-11D3-BF4B-00C04F79EFBC}") = "SimCityReader", "SimCityReader\SimCityReader.csproj", "{CC84F582-4F93-4628-83DD-CA36773CE759}"
EndProject
Project("{FAE04EC0-301F-11D3-BF4B-00C04F79EFBC}") = "MineCity2000-GUI", "MineCity2000-GUI\MineCity2000-GUI.csproj", "{FCF302D8-FE31-4FE7-A6BB-162ADA516E72}"
EndProject
Project("{FAE04EC0-301F-11D3-BF4B-00C04F79EFBC}") = "AnvilFile", "AnvilFile\AnvilFile.csproj", "{56645ABF-CDDD-435E-845F-BF5AA422AF80}"
EndProject
Project("{FAE04EC0-301F-11D3-BF4B-00C04F79EFBC}") = "MineCity2000", "MineCity2000\MineCity2000.csproj", "{79BB814A-ADA6-4C32-9760-87D9A822DEAA}"
EndProject
Global
	GlobalSection(SolutionConfigurationPlatforms) = preSolution
		Debug|Any CPU = Debug|Any CPU
		Debug|Mixed Platforms = Debug|Mixed Platforms
		Debug|x64 = Debug|x64
		Debug|x86 = Debug|x86
		Release|Any CPU = Release|Any CPU
		Release|Mixed Platforms = Release|Mixed Platforms
		Release|x64 = Release|x64
		Release|x86 = Release|x86
	EndGlobalSection
	GlobalSection(ProjectConfigurationPlatforms) = postSolution
		{3DA90FF7-6DC6-4668-A4BA-48737A8089B9}.Debug|Any CPU.ActiveCfg = Debug|x86
		{3DA90FF7-6DC6-4668-A4BA-48737A8089B9}.Debug|Mixed Platforms.ActiveCfg = Debug|x86
		{3DA90FF7-6DC6-4668-A4BA-48737A8089B9}.Debug|Mixed Platforms.Build.0 = Debug|x86
		{3DA90FF7-6DC6-4668-A4BA-48737A8089B9}.Debug|x64.ActiveCfg = Debug|x64
		{3DA90FF7-6DC6-4668-A4BA-48737A8089B9}.Debug|x64.Build.0 = Debug|x64
		{3DA90FF7-6DC6-4668-A4BA-48737A8089B9}.Debug|x86.ActiveCfg = Debug|x86
		{3DA90FF7-6DC6-4668-A4BA-48737A8089B9}.Debug|x86.Build.0 = Debug|x86
		{3DA90FF7-6DC6-4668-A4BA-48737A8089B9}.Release|Any CPU.ActiveCfg = Release|x86
		{3DA90FF7-6DC6-4668-A4BA-48737A8089B9}.Release|Mixed Platforms.ActiveCfg = Release|x86
		{3DA90FF7-6DC6-4668-A4BA-48737A8089B9}.Release|Mixed Platforms.Build.0 = Release|x86
		{3DA90FF7-6DC6-4668-A4BA-48737A8089B9}.Release|x64.ActiveCfg = Release|x86
		{3DA90FF7-6DC6-4668-A4BA-48737A8089B9}.Release|x86.ActiveCfg = Release|x86
		{3DA90FF7-6DC6-4668-A4BA-48737A8089B9}.Release|x86.Build.0 = Release|x86
		{CC84F582-4F93-4628-83DD-CA36773CE759}.Debug|Any CPU.ActiveCfg = Debug|x86
		{CC84F582-4F93-4628-83DD-CA36773CE759}.Debug|Mixed Platforms.ActiveCfg = Debug|x86
		{CC84F582-4F93-4628-83DD-CA36773CE759}.Debug|Mixed Platforms.Build.0 = Debug|x86
		{CC84F582-4F93-4628-83DD-CA36773CE759}.Debug|x64.ActiveCfg = Debug|x64
		{CC84F582-4F93-4628-83DD-CA36773CE759}.Debug|x64.Build.0 = Debug|x64
		{CC84F582-4F93-4628-83DD-CA36773CE759}.Debug|x86.ActiveCfg = Debug|x86
		{CC84F582-4F93-4628-83DD-CA36773CE759}.Debug|x86.Build.0 = Debug|x86
		{CC84F582-4F93-4628-83DD-CA36773CE759}.Release|Any CPU.ActiveCfg = Release|x86
		{CC84F582-4F93-4628-83DD-CA36773CE759}.Release|Mixed Platforms.ActiveCfg = Release|x86
		{CC84F582-4F93-4628-83DD-CA36773CE759}.Release|Mixed Platforms.Build.0 = Release|x86
		{CC84F582-4F93-4628-83DD-CA36773CE759}.Release|x64.ActiveCfg = Release|x86
		{CC84F582-4F93-4628-83DD-CA36773CE759}.Release|x86.ActiveCfg = Release|x86
		{CC84F582-4F93-4628-83DD-CA36773CE759}.Release|x86.Build.0 = Release|x86
		{FCF302D8-FE31-4FE7-A6BB-162ADA516E72}.Debug|Any CPU.ActiveCfg = Debug|x86
		{FCF302D8-FE31-4FE7-A6BB-162ADA516E72}.Debug|Mixed Platforms.ActiveCfg = Debug|x86
		{FCF302D8-FE31-4FE7-A6BB-162ADA516E72}.Debug|Mixed Platforms.Build.0 = Debug|x86
		{FCF302D8-FE31-4FE7-A6BB-162ADA516E72}.Debug|x64.ActiveCfg = Debug|x64
		{FCF302D8-FE31-4FE7-A6BB-162ADA516E72}.Debug|x64.Build.0 = Debug|x64
		{FCF302D8-FE31-4FE7-A6BB-162ADA516E72}.Debug|x86.ActiveCfg = Debug|x86
		{FCF302D8-FE31-4FE7-A6BB-162ADA516E72}.Debug|x86.Build.0 = Debug|x86
		{FCF302D8-FE31-4FE7-A6BB-162ADA516E72}.Release|Any CPU.ActiveCfg = Release|x86
		{FCF302D8-FE31-4FE7-A6BB-162ADA516E72}.Release|Mixed Platforms.ActiveCfg = Release|x86
		{FCF302D8-FE31-4FE7-A6BB-162ADA516E72}.Release|Mixed Platforms.Build.0 = Release|x86
		{FCF302D8-FE31-4FE7-A6BB-162ADA516E72}.Release|x64.ActiveCfg = Release|x86
		{FCF302D8-FE31-4FE7-A6BB-162ADA516E72}.Release|x86.ActiveCfg = Release|x86
		{FCF302D8-FE31-4FE7-A6BB-162ADA516E72}.Release|x86.Build.0 = Release|x86
		{56645ABF-CDDD-435E-845F-BF5AA422AF80}.Debug|Any CPU.ActiveCfg = Debug|Any CPU
		{56645ABF-CDDD-435E-845F-BF5AA422AF80}.Debug|Any CPU.Build.0 = Debug|Any CPU
		{56645ABF-CDDD-435E-845F-BF5AA422AF80}.Debug|Mixed Platforms.ActiveCfg = Debug|Any CPU
		{56645ABF-CDDD-435E-845F-BF5AA422AF80}.Debug|Mixed Platforms.Build.0 = Debug|Any CPU
		{56645ABF-CDDD-435E-845F-BF5AA422AF80}.Debug|x64.ActiveCfg = Debug|x64
		{56645ABF-CDDD-435E-845F-BF5AA422AF80}.Debug|x64.Build.0 = Debug|x64
		{56645ABF-CDDD-435E-845F-BF5AA422AF80}.Debug|x86.ActiveCfg = Debug|Any CPU
		{56645ABF-CDDD-435E-845F-BF5AA422AF80}.Release|Any CPU.ActiveCfg = Release|Any CPU
		{56645ABF-CDDD-435E-845F-BF5AA422AF80}.Release|Any CPU.Build.0 = Release|Any CPU
		{56645ABF-CDDD-435E-845F-BF5AA422AF80}.Release|Mixed Platforms.ActiveCfg = Release|Any CPU
		{56645ABF-CDDD-435E-845F-BF5AA422AF80}.Release|Mixed Platforms.Build.0 = Release|Any CPU
		{56645ABF-CDDD-435E-845F-BF5AA422AF80}.Release|x64.ActiveCfg = Release|x64
		{56645ABF-CDDD-435E-845F-BF5AA422AF80}.Release|x64.Build.0 = Release|x64
		{56645ABF-CDDD-435E-845F-BF5AA422AF80}.Release|x86.ActiveCfg = Release|Any CPU
		{79BB814A-ADA6-4C32-9760-87D9A822DEAA}.Debug|Any CPU.ActiveCfg = Debug|Any CPU
		{79BB814A-ADA6-4C32-9760-87D9A822DEAA}.Debug|Any CPU.Build.0 = Debug|Any CPU
		{79BB814A-ADA6-4C32-9760-87D9A822DEAA}.Debug|Mixed Platforms.ActiveCfg = Debug|Any CPU
		{79BB814A-ADA6-4C32-9760-87D9A822DEAA}.Debug|Mixed Platforms.Build.0 = Debug|Any CPU
		{79BB814A-ADA6-4C32-9760-87D9A822DEAA}.Debug|x64.ActiveCfg = Debug|x64
		{79BB814A-ADA6-4C32-9760-87D9A822DEAA}.Debug|x64.Build.0 = Debug|x64
		{79BB814A-ADA6-4C32-9760-87D9A822DEAA}.Debug|x86.ActiveCfg = Debug|Any CPU
		{79BB814A-ADA6-4C32-9760-87D9A822DEAA}.Debug|x86.Build.0 = Debug|Any CPU
		{79BB814A-ADA6-4C32-9760-87D9A822DEAA}.Release|Any CPU.ActiveCfg = Release|Any CPU
		{79BB814A-ADA6-4C32-9760-87D9A822DEAA}.Release|Any CPU.Build.0 = Release|Any CPU
		{79BB814A-ADA6-4C32-9760-87D9A822DEAA}.Release|Mixed Platforms.ActiveCfg = Release|Any CPU
		{79BB814A-ADA6-4C32-9760-87D9A822DEAA}.Release|Mixed Platforms.Build.0 = Release|Any CPU
		{79BB814A-ADA6-4C32-9760-87D9A822DEAA}.Release|x64.ActiveCfg = Release|Any CPU
		{79BB814A-ADA6-4C32-9760-87D9A822DEAA}.Release|x64.Build.0 = Release|Any CPU
		{79BB814A-ADA6-4C32-9760-87D9A822DEAA}.Release|x86.ActiveCfg = Release|Any CPU
		{79BB814A-ADA6-4C32-9760-87D9A822DEAA}.Release|x86.Build.0 = Release|Any CPU
	EndGlobalSection
	GlobalSection(SolutionProperties) = preSolution
		HideSolutionNode = FALSE
	EndGlobalSection
	GlobalSection(ExtensibilityGlobals) = postSolution
		SolutionGuid = {A6729EC2-EAA0-44C2-8198-F50B45354C14}
	EndGlobalSection
EndGlobal
